
Microsoft Visual Studio Solution File, Format Version 12.00
# Visual Studio Version 16
VisualStudioVersion = 16.0.32630.195
MinimumVisualStudioVersion = 10.0.40219.1
Project("{FAE04EC0-301F-11D3-BF4B-00C04F79EFBC}") = "task3", "task3\task3.csproj", "{7830EA68-C03A-4E4D-ADAA-57AE2EB54501}"
EndProject
Global
	GlobalSection(SolutionConfigurationPlatforms) = preSolution
		Debug|Any CPU = Debug|Any CPU
		Release|Any CPU = Release|Any CPU
	EndGlobalSection
	GlobalSection(ProjectConfigurationPlatforms) = postSolution
		{7830EA68-C03A-4E4D-ADAA-57AE2EB54501}.Debug|Any CPU.ActiveCfg = Debug|Any CPU
		{7830EA68-C03A-4E4D-ADAA-57AE2EB54501}.Debug|Any CPU.Build.0 = Debug|Any CPU
		{7830EA68-C03A-4E4D-ADAA-57AE2EB54501}.Release|Any CPU.ActiveCfg = Release|Any CPU
		{7830EA68-C03A-4E4D-ADAA-57AE2EB54501}.Release|Any CPU.Build.0 = Release|Any CPU
	EndGlobalSection
	GlobalSection(SolutionProperties) = preSolution
		HideSolutionNode = FALSE
	EndGlobalSection
	GlobalSection(ExtensibilityGlobals) = postSolution
		SolutionGuid = {02607F82-C07F-4954-A6F9-4E9FCC629DC1}
	EndGlobalSection
EndGlobal
